
Microsoft Visual Studio Solution File, Format Version 12.00
# Visual Studio Version 17
VisualStudioVersion = 17.2.32519.379
MinimumVisualStudioVersion = 10.0.40219.1
Project("{FAE04EC0-301F-11D3-BF4B-00C04F79EFBC}") = "LiveCoder.Common", "LiveCoder.Common\LiveCoder.Common.csproj", "{93FDF21A-CCBD-474C-ACFE-C5A7D0D6D974}"
EndProject
Project("{FAE04EC0-301F-11D3-BF4B-00C04F79EFBC}") = "LiveCoder.Deployer.Tool", "LiveCoder.Deployer.Tool\LiveCoder.Deployer.Tool.csproj", "{028890BD-839F-4D00-9B2C-A038889E15EA}"
EndProject
Project("{FAE04EC0-301F-11D3-BF4B-00C04F79EFBC}") = "LiveCoder.Deployer", "LiveCoder.Deployer\LiveCoder.Deployer.csproj", "{C7DBCE84-8C18-4487-8D8E-AC45CE60C546}"
EndProject
Project("{FAE04EC0-301F-11D3-BF4B-00C04F79EFBC}") = "LiveCoder.Scripting", "LiveCoder.Scripting\LiveCoder.Scripting.csproj", "{659AC1AA-8C91-4C31-93C5-17D0CC4E0013}"
EndProject
Project("{FAE04EC0-301F-11D3-BF4B-00C04F79EFBC}") = "LiveCoder.Scripting.Tests", "LiveCoder.Scripting.Tests\LiveCoder.Scripting.Tests.csproj", "{EE09F1D5-A7A3-4EE3-993C-61679F71174A}"
EndProject
Project("{FAE04EC0-301F-11D3-BF4B-00C04F79EFBC}") = "LiveCoder.Snippets", "LiveCoder.Snippets\LiveCoder.Snippets.csproj", "{57C5D265-3C53-4A25-99FC-17AB9C71464A}"
EndProject
Project("{FAE04EC0-301F-11D3-BF4B-00C04F79EFBC}") = "LiveCoder.Api", "LiveCoder.Api\LiveCoder.Api.csproj", "{7477F457-D44D-43A7-A737-865E6A03183C}"
EndProject
Project("{FAE04EC0-301F-11D3-BF4B-00C04F79EFBC}") = "LiveCoder.Extension", "LiveCoder.Extension\LiveCoder.Extension.csproj", "{A552FC71-2C76-424E-BC53-050ECF6C42BC}"
EndProject
Global
	GlobalSection(SolutionConfigurationPlatforms) = preSolution
		Debug|Any CPU = Debug|Any CPU
		Debug|x86 = Debug|x86
		Release|Any CPU = Release|Any CPU
		Release|x86 = Release|x86
	EndGlobalSection
	GlobalSection(ProjectConfigurationPlatforms) = postSolution
		{93FDF21A-CCBD-474C-ACFE-C5A7D0D6D974}.Debug|Any CPU.ActiveCfg = Debug|Any CPU
		{93FDF21A-CCBD-474C-ACFE-C5A7D0D6D974}.Debug|Any CPU.Build.0 = Debug|Any CPU
		{93FDF21A-CCBD-474C-ACFE-C5A7D0D6D974}.Debug|x86.ActiveCfg = Debug|Any CPU
		{93FDF21A-CCBD-474C-ACFE-C5A7D0D6D974}.Debug|x86.Build.0 = Debug|Any CPU
		{93FDF21A-CCBD-474C-ACFE-C5A7D0D6D974}.Release|Any CPU.ActiveCfg = Release|Any CPU
		{93FDF21A-CCBD-474C-ACFE-C5A7D0D6D974}.Release|Any CPU.Build.0 = Release|Any CPU
		{93FDF21A-CCBD-474C-ACFE-C5A7D0D6D974}.Release|x86.ActiveCfg = Release|Any CPU
		{93FDF21A-CCBD-474C-ACFE-C5A7D0D6D974}.Release|x86.Build.0 = Release|Any CPU
		{028890BD-839F-4D00-9B2C-A038889E15EA}.Debug|Any CPU.ActiveCfg = Debug|Any CPU
		{028890BD-839F-4D00-9B2C-A038889E15EA}.Debug|Any CPU.Build.0 = Debug|Any CPU
		{028890BD-839F-4D00-9B2C-A038889E15EA}.Debug|x86.ActiveCfg = Debug|Any CPU
		{028890BD-839F-4D00-9B2C-A038889E15EA}.Debug|x86.Build.0 = Debug|Any CPU
		{028890BD-839F-4D00-9B2C-A038889E15EA}.Release|Any CPU.ActiveCfg = Release|Any CPU
		{028890BD-839F-4D00-9B2C-A038889E15EA}.Release|Any CPU.Build.0 = Release|Any CPU
		{028890BD-839F-4D00-9B2C-A038889E15EA}.Release|x86.ActiveCfg = Release|Any CPU
		{028890BD-839F-4D00-9B2C-A038889E15EA}.Release|x86.Build.0 = Release|Any CPU
		{C7DBCE84-8C18-4487-8D8E-AC45CE60C546}.Debug|Any CPU.ActiveCfg = Debug|Any CPU
		{C7DBCE84-8C18-4487-8D8E-AC45CE60C546}.Debug|Any CPU.Build.0 = Debug|Any CPU
		{C7DBCE84-8C18-4487-8D8E-AC45CE60C546}.Debug|x86.ActiveCfg = Debug|Any CPU
		{C7DBCE84-8C18-4487-8D8E-AC45CE60C546}.Debug|x86.Build.0 = Debug|Any CPU
		{C7DBCE84-8C18-4487-8D8E-AC45CE60C546}.Release|Any CPU.ActiveCfg = Release|Any CPU
		{C7DBCE84-8C18-4487-8D8E-AC45CE60C546}.Release|Any CPU.Build.0 = Release|Any CPU
		{C7DBCE84-8C18-4487-8D8E-AC45CE60C546}.Release|x86.ActiveCfg = Release|Any CPU
		{C7DBCE84-8C18-4487-8D8E-AC45CE60C546}.Release|x86.Build.0 = Release|Any CPU
		{659AC1AA-8C91-4C31-93C5-17D0CC4E0013}.Debug|Any CPU.ActiveCfg = Debug|Any CPU
		{659AC1AA-8C91-4C31-93C5-17D0CC4E0013}.Debug|Any CPU.Build.0 = Debug|Any CPU
		{659AC1AA-8C91-4C31-93C5-17D0CC4E0013}.Debug|x86.ActiveCfg = Debug|Any CPU
		{659AC1AA-8C91-4C31-93C5-17D0CC4E0013}.Debug|x86.Build.0 = Debug|Any CPU
		{659AC1AA-8C91-4C31-93C5-17D0CC4E0013}.Release|Any CPU.ActiveCfg = Release|Any CPU
		{659AC1AA-8C91-4C31-93C5-17D0CC4E0013}.Release|Any CPU.Build.0 = Release|Any CPU
		{659AC1AA-8C91-4C31-93C5-17D0CC4E0013}.Release|x86.ActiveCfg = Release|Any CPU
		{659AC1AA-8C91-4C31-93C5-17D0CC4E0013}.Release|x86.Build.0 = Release|Any CPU
		{EE09F1D5-A7A3-4EE3-993C-61679F71174A}.Debug|Any CPU.ActiveCfg = Debug|Any CPU
		{EE09F1D5-A7A3-4EE3-993C-61679F71174A}.Debug|Any CPU.Build.0 = Debug|Any CPU
		{EE09F1D5-A7A3-4EE3-993C-61679F71174A}.Debug|x86.ActiveCfg = Debug|Any CPU
		{EE09F1D5-A7A3-4EE3-993C-61679F71174A}.Debug|x86.Build.0 = Debug|Any CPU
		{EE09F1D5-A7A3-4EE3-993C-61679F71174A}.Release|Any CPU.ActiveCfg = Release|Any CPU
		{EE09F1D5-A7A3-4EE3-993C-61679F71174A}.Release|Any CPU.Build.0 = Release|Any CPU
		{EE09F1D5-A7A3-4EE3-993C-61679F71174A}.Release|x86.ActiveCfg = Release|Any CPU
		{EE09F1D5-A7A3-4EE3-993C-61679F71174A}.Release|x86.Build.0 = Release|Any CPU
		{57C5D265-3C53-4A25-99FC-17AB9C71464A}.Debug|Any CPU.ActiveCfg = Debug|Any CPU
		{57C5D265-3C53-4A25-99FC-17AB9C71464A}.Debug|Any CPU.Build.0 = Debug|Any CPU
		{57C5D265-3C53-4A25-99FC-17AB9C71464A}.Debug|x86.ActiveCfg = Debug|Any CPU
		{57C5D265-3C53-4A25-99FC-17AB9C71464A}.Debug|x86.Build.0 = Debug|Any CPU
		{57C5D265-3C53-4A25-99FC-17AB9C71464A}.Release|Any CPU.ActiveCfg = Release|Any CPU
		{57C5D265-3C53-4A25-99FC-17AB9C71464A}.Release|Any CPU.Build.0 = Release|Any CPU
		{57C5D265-3C53-4A25-99FC-17AB9C71464A}.Release|x86.ActiveCfg = Release|Any CPU
		{57C5D265-3C53-4A25-99FC-17AB9C71464A}.Release|x86.Build.0 = Release|Any CPU
		{7477F457-D44D-43A7-A737-865E6A03183C}.Debug|Any CPU.ActiveCfg = Debug|Any CPU
		{7477F457-D44D-43A7-A737-865E6A03183C}.Debug|Any CPU.Build.0 = Debug|Any CPU
		{7477F457-D44D-43A7-A737-865E6A03183C}.Debug|x86.ActiveCfg = Debug|Any CPU
		{7477F457-D44D-43A7-A737-865E6A03183C}.Debug|x86.Build.0 = Debug|Any CPU
		{7477F457-D44D-43A7-A737-865E6A03183C}.Release|Any CPU.ActiveCfg = Release|Any CPU
		{7477F457-D44D-43A7-A737-865E6A03183C}.Release|Any CPU.Build.0 = Release|Any CPU
		{7477F457-D44D-43A7-A737-865E6A03183C}.Release|x86.ActiveCfg = Release|Any CPU
		{7477F457-D44D-43A7-A737-865E6A03183C}.Release|x86.Build.0 = Release|Any CPU
		{A552FC71-2C76-424E-BC53-050ECF6C42BC}.Debug|Any CPU.ActiveCfg = Debug|Any CPU
		{A552FC71-2C76-424E-BC53-050ECF6C42BC}.Debug|Any CPU.Build.0 = Debug|Any CPU
		{A552FC71-2C76-424E-BC53-050ECF6C42BC}.Debug|x86.ActiveCfg = Debug|x86
		{A552FC71-2C76-424E-BC53-050ECF6C42BC}.Debug|x86.Build.0 = Debug|x86
		{A552FC71-2C76-424E-BC53-050ECF6C42BC}.Release|Any CPU.ActiveCfg = Release|Any CPU
		{A552FC71-2C76-424E-BC53-050ECF6C42BC}.Release|Any CPU.Build.0 = Release|Any CPU
		{A552FC71-2C76-424E-BC53-050ECF6C42BC}.Release|x86.ActiveCfg = Release|x86
		{A552FC71-2C76-424E-BC53-050ECF6C42BC}.Release|x86.Build.0 = Release|x86
	EndGlobalSection
	GlobalSection(SolutionProperties) = preSolution
		HideSolutionNode = FALSE
	EndGlobalSection
	GlobalSection(ExtensibilityGlobals) = postSolution
		SolutionGuid = {48C83253-3675-42CE-9A7D-A59B8F619E45}
	EndGlobalSection
EndGlobal
