
Microsoft Visual Studio Solution File, Format Version 12.00
# Visual Studio Version 16
VisualStudioVersion = 16.0.29409.12
MinimumVisualStudioVersion = 10.0.40219.1
Project("{FAE04EC0-301F-11D3-BF4B-00C04F79EFBC}") = "VSExtension", "VSExtension\VSExtension.csproj", "{37AA0ECC-3E24-4EA3-89B7-A9DDE2C01940}"
EndProject
Project("{FAE04EC0-301F-11D3-BF4B-00C04F79EFBC}") = "LiveDemoRunner", "LiveDemoRunner\LiveDemoRunner.csproj", "{028890BD-839F-4D00-9B2C-A038889E15EA}"
EndProject
Project("{9A19103F-16F7-4668-BE54-9A1E7A4F7556}") = "Demo", "Demo\Demo\Demo.csproj", "{E7426B58-7A96-40DD-90A4-89EED14F4A99}"
EndProject
Global
	GlobalSection(SolutionConfigurationPlatforms) = preSolution
		Debug|Any CPU = Debug|Any CPU
		Release|Any CPU = Release|Any CPU
	EndGlobalSection
	GlobalSection(ProjectConfigurationPlatforms) = postSolution
		{37AA0ECC-3E24-4EA3-89B7-A9DDE2C01940}.Debug|Any CPU.ActiveCfg = Debug|Any CPU
		{37AA0ECC-3E24-4EA3-89B7-A9DDE2C01940}.Debug|Any CPU.Build.0 = Debug|Any CPU
		{37AA0ECC-3E24-4EA3-89B7-A9DDE2C01940}.Release|Any CPU.ActiveCfg = Release|Any CPU
		{37AA0ECC-3E24-4EA3-89B7-A9DDE2C01940}.Release|Any CPU.Build.0 = Release|Any CPU
		{028890BD-839F-4D00-9B2C-A038889E15EA}.Debug|Any CPU.ActiveCfg = Debug|Any CPU
		{028890BD-839F-4D00-9B2C-A038889E15EA}.Debug|Any CPU.Build.0 = Debug|Any CPU
		{028890BD-839F-4D00-9B2C-A038889E15EA}.Release|Any CPU.ActiveCfg = Release|Any CPU
		{028890BD-839F-4D00-9B2C-A038889E15EA}.Release|Any CPU.Build.0 = Release|Any CPU
		{E7426B58-7A96-40DD-90A4-89EED14F4A99}.Debug|Any CPU.ActiveCfg = Debug|Any CPU
		{E7426B58-7A96-40DD-90A4-89EED14F4A99}.Debug|Any CPU.Build.0 = Debug|Any CPU
		{E7426B58-7A96-40DD-90A4-89EED14F4A99}.Release|Any CPU.ActiveCfg = Release|Any CPU
		{E7426B58-7A96-40DD-90A4-89EED14F4A99}.Release|Any CPU.Build.0 = Release|Any CPU
	EndGlobalSection
	GlobalSection(SolutionProperties) = preSolution
		HideSolutionNode = FALSE
	EndGlobalSection
	GlobalSection(ExtensibilityGlobals) = postSolution
		SolutionGuid = {48C83253-3675-42CE-9A7D-A59B8F619E45}
	EndGlobalSection
EndGlobal
